// !$*UTF8*$!
{
	archiveVersion = 1;
	classes = {
	};
	objectVersion = 56;
	objects = {

/* Begin PBXBuildFile section */
		083A6EF329F6A56D0093F695 /* AppDelegate.swift in Sources */ = {isa = PBXBuildFile; fileRef = 083A6EF229F6A56D0093F695 /* AppDelegate.swift */; };
		083A6EF529F6A56D0093F695 /* SceneDelegate.swift in Sources */ = {isa = PBXBuildFile; fileRef = 083A6EF429F6A56D0093F695 /* SceneDelegate.swift */; };
		083A6EF729F6A56D0093F695 /* ViewController.swift in Sources */ = {isa = PBXBuildFile; fileRef = 083A6EF629F6A56D0093F695 /* ViewController.swift */; };
		083A6EFA29F6A56D0093F695 /* Main.storyboard in Resources */ = {isa = PBXBuildFile; fileRef = 083A6EF829F6A56D0093F695 /* Main.storyboard */; };
		083A6EFC29F6A56E0093F695 /* Assets.xcassets in Resources */ = {isa = PBXBuildFile; fileRef = 083A6EFB29F6A56E0093F695 /* Assets.xcassets */; };
		083A6EFF29F6A56E0093F695 /* LaunchScreen.storyboard in Resources */ = {isa = PBXBuildFile; fileRef = 083A6EFD29F6A56E0093F695 /* LaunchScreen.storyboard */; };
		083A6F0A29F6A56E0093F695 /* CalculatorTests.swift in Sources */ = {isa = PBXBuildFile; fileRef = 083A6F0929F6A56E0093F695 /* CalculatorTests.swift */; };
		083A6F1429F6A56E0093F695 /* CalculatorUITests.swift in Sources */ = {isa = PBXBuildFile; fileRef = 083A6F1329F6A56E0093F695 /* CalculatorUITests.swift */; };
		083A6F1629F6A56E0093F695 /* CalculatorUITestsLaunchTests.swift in Sources */ = {isa = PBXBuildFile; fileRef = 083A6F1529F6A56E0093F695 /* CalculatorUITestsLaunchTests.swift */; };
/* End PBXBuildFile section */

/* Begin PBXContainerItemProxy section */
		083A6F0629F6A56E0093F695 /* PBXContainerItemProxy */ = {
			isa = PBXContainerItemProxy;
			containerPortal = 083A6EE729F6A56C0093F695 /* Project object */;
			proxyType = 1;
			remoteGlobalIDString = 083A6EEE29F6A56C0093F695;
			remoteInfo = Calculator;
		};
		083A6F1029F6A56E0093F695 /* PBXContainerItemProxy */ = {
			isa = PBXContainerItemProxy;
			containerPortal = 083A6EE729F6A56C0093F695 /* Project object */;
			proxyType = 1;
			remoteGlobalIDString = 083A6EEE29F6A56C0093F695;
			remoteInfo = Calculator;
		};
/* End PBXContainerItemProxy section */

/* Begin PBXFileReference section */
		083A6EEF29F6A56D0093F695 /* Calculator.app */ = {isa = PBXFileReference; explicitFileType = wrapper.application; includeInIndex = 0; path = Calculator.app; sourceTree = BUILT_PRODUCTS_DIR; };
		083A6EF229F6A56D0093F695 /* AppDelegate.swift */ = {isa = PBXFileReference; lastKnownFileType = sourcecode.swift; path = AppDelegate.swift; sourceTree = "<group>"; };
		083A6EF429F6A56D0093F695 /* SceneDelegate.swift */ = {isa = PBXFileReference; lastKnownFileType = sourcecode.swift; path = SceneDelegate.swift; sourceTree = "<group>"; };
		083A6EF629F6A56D0093F695 /* ViewController.swift */ = {isa = PBXFileReference; lastKnownFileType = sourcecode.swift; path = ViewController.swift; sourceTree = "<group>"; };
		083A6EF929F6A56D0093F695 /* Base */ = {isa = PBXFileReference; lastKnownFileType = file.storyboard; name = Base; path = Base.lproj/Main.storyboard; sourceTree = "<group>"; };
		083A6EFB29F6A56E0093F695 /* Assets.xcassets */ = {isa = PBXFileReference; lastKnownFileType = folder.assetcatalog; path = Assets.xcassets; sourceTree = "<group>"; };
		083A6EFE29F6A56E0093F695 /* Base */ = {isa = PBXFileReference; lastKnownFileType = file.storyboard; name = Base; path = Base.lproj/LaunchScreen.storyboard; sourceTree = "<group>"; };
		083A6F0029F6A56E0093F695 /* Info.plist */ = {isa = PBXFileReference; lastKnownFileType = text.plist.xml; path = Info.plist; sourceTree = "<group>"; };
		083A6F0529F6A56E0093F695 /* CalculatorTests.xctest */ = {isa = PBXFileReference; explicitFileType = wrapper.cfbundle; includeInIndex = 0; path = CalculatorTests.xctest; sourceTree = BUILT_PRODUCTS_DIR; };
		083A6F0929F6A56E0093F695 /* CalculatorTests.swift */ = {isa = PBXFileReference; lastKnownFileType = sourcecode.swift; path = CalculatorTests.swift; sourceTree = "<group>"; };
		083A6F0F29F6A56E0093F695 /* CalculatorUITests.xctest */ = {isa = PBXFileReference; explicitFileType = wrapper.cfbundle; includeInIndex = 0; path = CalculatorUITests.xctest; sourceTree = BUILT_PRODUCTS_DIR; };
		083A6F1329F6A56E0093F695 /* CalculatorUITests.swift */ = {isa = PBXFileReference; lastKnownFileType = sourcecode.swift; path = CalculatorUITests.swift; sourceTree = "<group>"; };
		083A6F1529F6A56E0093F695 /* CalculatorUITestsLaunchTests.swift */ = {isa = PBXFileReference; lastKnownFileType = sourcecode.swift; path = CalculatorUITestsLaunchTests.swift; sourceTree = "<group>"; };
/* End PBXFileReference section */

/* Begin PBXFrameworksBuildPhase section */
		083A6EEC29F6A56C0093F695 /* Frameworks */ = {
			isa = PBXFrameworksBuildPhase;
			buildActionMask = 2147483647;
			files = (
			);
			runOnlyForDeploymentPostprocessing = 0;
		};
		083A6F0229F6A56E0093F695 /* Frameworks */ = {
			isa = PBXFrameworksBuildPhase;
			buildActionMask = 2147483647;
			files = (
			);
			runOnlyForDeploymentPostprocessing = 0;
		};
		083A6F0C29F6A56E0093F695 /* Frameworks */ = {
			isa = PBXFrameworksBuildPhase;
			buildActionMask = 2147483647;
			files = (
			);
			runOnlyForDeploymentPostprocessing = 0;
		};
/* End PBXFrameworksBuildPhase section */

/* Begin PBXGroup section */
		083A6EE629F6A56C0093F695 = {
			isa = PBXGroup;
			children = (
				083A6EF129F6A56D0093F695 /* Calculator */,
				083A6F0829F6A56E0093F695 /* CalculatorTests */,
				083A6F1229F6A56E0093F695 /* CalculatorUITests */,
				083A6EF029F6A56D0093F695 /* Products */,
			);
			sourceTree = "<group>";
		};
		083A6EF029F6A56D0093F695 /* Products */ = {
			isa = PBXGroup;
			children = (
				083A6EEF29F6A56D0093F695 /* Calculator.app */,
				083A6F0529F6A56E0093F695 /* CalculatorTests.xctest */,
				083A6F0F29F6A56E0093F695 /* CalculatorUITests.xctest */,
			);
			name = Products;
			sourceTree = "<group>";
		};
		083A6EF129F6A56D0093F695 /* Calculator */ = {
			isa = PBXGroup;
			children = (
				083A6EF229F6A56D0093F695 /* AppDelegate.swift */,
				083A6EF429F6A56D0093F695 /* SceneDelegate.swift */,
				083A6EF629F6A56D0093F695 /* ViewController.swift */,
				083A6EF829F6A56D0093F695 /* Main.storyboard */,
				083A6EFB29F6A56E0093F695 /* Assets.xcassets */,
				083A6EFD29F6A56E0093F695 /* LaunchScreen.storyboard */,
				083A6F0029F6A56E0093F695 /* Info.plist */,
			);
			path = Calculator;
			sourceTree = "<group>";
		};
		083A6F0829F6A56E0093F695 /* CalculatorTests */ = {
			isa = PBXGroup;
			children = (
				083A6F0929F6A56E0093F695 /* CalculatorTests.swift */,
			);
			path = CalculatorTests;
			sourceTree = "<group>";
		};
		083A6F1229F6A56E0093F695 /* CalculatorUITests */ = {
			isa = PBXGroup;
			children = (
				083A6F1329F6A56E0093F695 /* CalculatorUITests.swift */,
				083A6F1529F6A56E0093F695 /* CalculatorUITestsLaunchTests.swift */,
			);
			path = CalculatorUITests;
			sourceTree = "<group>";
		};
/* End PBXGroup section */

/* Begin PBXNativeTarget section */
		083A6EEE29F6A56C0093F695 /* Calculator */ = {
			isa = PBXNativeTarget;
			buildConfigurationList = 083A6F1929F6A56E0093F695 /* Build configuration list for PBXNativeTarget "Calculator" */;
			buildPhases = (
				083A6EEB29F6A56C0093F695 /* Sources */,
				083A6EEC29F6A56C0093F695 /* Frameworks */,
				083A6EED29F6A56C0093F695 /* Resources */,
			);
			buildRules = (
			);
			dependencies = (
			);
			name = Calculator;
			productName = Calculator;
			productReference = 083A6EEF29F6A56D0093F695 /* Calculator.app */;
			productType = "com.apple.product-type.application";
		};
		083A6F0429F6A56E0093F695 /* CalculatorTests */ = {
			isa = PBXNativeTarget;
			buildConfigurationList = 083A6F1C29F6A56E0093F695 /* Build configuration list for PBXNativeTarget "CalculatorTests" */;
			buildPhases = (
				083A6F0129F6A56E0093F695 /* Sources */,
				083A6F0229F6A56E0093F695 /* Frameworks */,
				083A6F0329F6A56E0093F695 /* Resources */,
			);
			buildRules = (
			);
			dependencies = (
				083A6F0729F6A56E0093F695 /* PBXTargetDependency */,
			);
			name = CalculatorTests;
			productName = CalculatorTests;
			productReference = 083A6F0529F6A56E0093F695 /* CalculatorTests.xctest */;
			productType = "com.apple.product-type.bundle.unit-test";
		};
		083A6F0E29F6A56E0093F695 /* CalculatorUITests */ = {
			isa = PBXNativeTarget;
			buildConfigurationList = 083A6F1F29F6A56E0093F695 /* Build configuration list for PBXNativeTarget "CalculatorUITests" */;
			buildPhases = (
				083A6F0B29F6A56E0093F695 /* Sources */,
				083A6F0C29F6A56E0093F695 /* Frameworks */,
				083A6F0D29F6A56E0093F695 /* Resources */,
			);
			buildRules = (
			);
			dependencies = (
				083A6F1129F6A56E0093F695 /* PBXTargetDependency */,
			);
			name = CalculatorUITests;
			productName = CalculatorUITests;
			productReference = 083A6F0F29F6A56E0093F695 /* CalculatorUITests.xctest */;
			productType = "com.apple.product-type.bundle.ui-testing";
		};
/* End PBXNativeTarget section */

/* Begin PBXProject section */
		083A6EE729F6A56C0093F695 /* Project object */ = {
			isa = PBXProject;
			attributes = {
				BuildIndependentTargetsInParallel = 1;
				LastSwiftUpdateCheck = 1430;
				LastUpgradeCheck = 1430;
				TargetAttributes = {
					083A6EEE29F6A56C0093F695 = {
						CreatedOnToolsVersion = 14.3;
					};
					083A6F0429F6A56E0093F695 = {
						CreatedOnToolsVersion = 14.3;
						TestTargetID = 083A6EEE29F6A56C0093F695;
					};
					083A6F0E29F6A56E0093F695 = {
						CreatedOnToolsVersion = 14.3;
						TestTargetID = 083A6EEE29F6A56C0093F695;
					};
				};
			};
			buildConfigurationList = 083A6EEA29F6A56C0093F695 /* Build configuration list for PBXProject "Calculator" */;
			compatibilityVersion = "Xcode 14.0";
			developmentRegion = en;
			hasScannedForEncodings = 0;
			knownRegions = (
				en,
				Base,
			);
			mainGroup = 083A6EE629F6A56C0093F695;
			productRefGroup = 083A6EF029F6A56D0093F695 /* Products */;
			projectDirPath = "";
			projectRoot = "";
			targets = (
				083A6EEE29F6A56C0093F695 /* Calculator */,
				083A6F0429F6A56E0093F695 /* CalculatorTests */,
				083A6F0E29F6A56E0093F695 /* CalculatorUITests */,
			);
		};
/* End PBXProject section */

/* Begin PBXResourcesBuildPhase section */
		083A6EED29F6A56C0093F695 /* Resources */ = {
			isa = PBXResourcesBuildPhase;
			buildActionMask = 2147483647;
			files = (
				083A6EFF29F6A56E0093F695 /* LaunchScreen.storyboard in Resources */,
				083A6EFC29F6A56E0093F695 /* Assets.xcassets in Resources */,
				083A6EFA29F6A56D0093F695 /* Main.storyboard in Resources */,
			);
			runOnlyForDeploymentPostprocessing = 0;
		};
		083A6F0329F6A56E0093F695 /* Resources */ = {
			isa = PBXResourcesBuildPhase;
			buildActionMask = 2147483647;
			files = (
			);
			runOnlyForDeploymentPostprocessing = 0;
		};
		083A6F0D29F6A56E0093F695 /* Resources */ = {
			isa = PBXResourcesBuildPhase;
			buildActionMask = 2147483647;
			files = (
			);
			runOnlyForDeploymentPostprocessing = 0;
		};
/* End PBXResourcesBuildPhase section */

/* Begin PBXSourcesBuildPhase section */
		083A6EEB29F6A56C0093F695 /* Sources */ = {
			isa = PBXSourcesBuildPhase;
			buildActionMask = 2147483647;
			files = (
				083A6EF729F6A56D0093F695 /* ViewController.swift in Sources */,
				083A6EF329F6A56D0093F695 /* AppDelegate.swift in Sources */,
				083A6EF529F6A56D0093F695 /* SceneDelegate.swift in Sources */,
			);
			runOnlyForDeploymentPostprocessing = 0;
		};
		083A6F0129F6A56E0093F695 /* Sources */ = {
			isa = PBXSourcesBuildPhase;
			buildActionMask = 2147483647;
			files = (
				083A6F0A29F6A56E0093F695 /* CalculatorTests.swift in Sources */,
			);
			runOnlyForDeploymentPostprocessing = 0;
		};
		083A6F0B29F6A56E0093F695 /* Sources */ = {
			isa = PBXSourcesBuildPhase;
			buildActionMask = 2147483647;
			files = (
				083A6F1629F6A56E0093F695 /* CalculatorUITestsLaunchTests.swift in Sources */,
				083A6F1429F6A56E0093F695 /* CalculatorUITests.swift in Sources */,
			);
			runOnlyForDeploymentPostprocessing = 0;
		};
/* End PBXSourcesBuildPhase section */

/* Begin PBXTargetDependency section */
		083A6F0729F6A56E0093F695 /* PBXTargetDependency */ = {
			isa = PBXTargetDependency;
			target = 083A6EEE29F6A56C0093F695 /* Calculator */;
			targetProxy = 083A6F0629F6A56E0093F695 /* PBXContainerItemProxy */;
		};
		083A6F1129F6A56E0093F695 /* PBXTargetDependency */ = {
			isa = PBXTargetDependency;
			target = 083A6EEE29F6A56C0093F695 /* Calculator */;
			targetProxy = 083A6F1029F6A56E0093F695 /* PBXContainerItemProxy */;
		};
/* End PBXTargetDependency section */

/* Begin PBXVariantGroup section */
		083A6EF829F6A56D0093F695 /* Main.storyboard */ = {
			isa = PBXVariantGroup;
			children = (
				083A6EF929F6A56D0093F695 /* Base */,
			);
			name = Main.storyboard;
			sourceTree = "<group>";
		};
		083A6EFD29F6A56E0093F695 /* LaunchScreen.storyboard */ = {
			isa = PBXVariantGroup;
			children = (
				083A6EFE29F6A56E0093F695 /* Base */,
			);
			name = LaunchScreen.storyboard;
			sourceTree = "<group>";
		};
/* End PBXVariantGroup section */

/* Begin XCBuildConfiguration section */
		083A6F1729F6A56E0093F695 /* Debug */ = {
			isa = XCBuildConfiguration;
			buildSettings = {
				ALWAYS_SEARCH_USER_PATHS = NO;
				CLANG_ANALYZER_NONNULL = YES;
				CLANG_ANALYZER_NUMBER_OBJECT_CONVERSION = YES_AGGRESSIVE;
				CLANG_CXX_LANGUAGE_STANDARD = "gnu++20";
				CLANG_ENABLE_MODULES = YES;
				CLANG_ENABLE_OBJC_ARC = YES;
				CLANG_ENABLE_OBJC_WEAK = YES;
				CLANG_WARN_BLOCK_CAPTURE_AUTORELEASING = YES;
				CLANG_WARN_BOOL_CONVERSION = YES;
				CLANG_WARN_COMMA = YES;
				CLANG_WARN_CONSTANT_CONVERSION = YES;
				CLANG_WARN_DEPRECATED_OBJC_IMPLEMENTATIONS = YES;
				CLANG_WARN_DIRECT_OBJC_ISA_USAGE = YES_ERROR;
				CLANG_WARN_DOCUMENTATION_COMMENTS = YES;
				CLANG_WARN_EMPTY_BODY = YES;
				CLANG_WARN_ENUM_CONVERSION = YES;
				CLANG_WARN_INFINITE_RECURSION = YES;
				CLANG_WARN_INT_CONVERSION = YES;
				CLANG_WARN_NON_LITERAL_NULL_CONVERSION = YES;
				CLANG_WARN_OBJC_IMPLICIT_RETAIN_SELF = YES;
				CLANG_WARN_OBJC_LITERAL_CONVERSION = YES;
				CLANG_WARN_OBJC_ROOT_CLASS = YES_ERROR;
				CLANG_WARN_QUOTED_INCLUDE_IN_FRAMEWORK_HEADER = YES;
				CLANG_WARN_RANGE_LOOP_ANALYSIS = YES;
				CLANG_WARN_STRICT_PROTOTYPES = YES;
				CLANG_WARN_SUSPICIOUS_MOVE = YES;
				CLANG_WARN_UNGUARDED_AVAILABILITY = YES_AGGRESSIVE;
				CLANG_WARN_UNREACHABLE_CODE = YES;
				CLANG_WARN__DUPLICATE_METHOD_MATCH = YES;
				COPY_PHASE_STRIP = NO;
				DEBUG_INFORMATION_FORMAT = dwarf;
				ENABLE_STRICT_OBJC_MSGSEND = YES;
				ENABLE_TESTABILITY = YES;
				GCC_C_LANGUAGE_STANDARD = gnu11;
				GCC_DYNAMIC_NO_PIC = NO;
				GCC_NO_COMMON_BLOCKS = YES;
				GCC_OPTIMIZATION_LEVEL = 0;
				GCC_PREPROCESSOR_DEFINITIONS = (
					"DEBUG=1",
					"$(inherited)",
				);
				GCC_WARN_64_TO_32_BIT_CONVERSION = YES;
				GCC_WARN_ABOUT_RETURN_TYPE = YES_ERROR;
				GCC_WARN_UNDECLARED_SELECTOR = YES;
				GCC_WARN_UNINITIALIZED_AUTOS = YES_AGGRESSIVE;
				GCC_WARN_UNUSED_FUNCTION = YES;
				GCC_WARN_UNUSED_VARIABLE = YES;
				IPHONEOS_DEPLOYMENT_TARGET = 16.4;
				MTL_ENABLE_DEBUG_INFO = INCLUDE_SOURCE;
				MTL_FAST_MATH = YES;
				ONLY_ACTIVE_ARCH = YES;
				SDKROOT = iphoneos;
				SWIFT_ACTIVE_COMPILATION_CONDITIONS = DEBUG;
				SWIFT_OPTIMIZATION_LEVEL = "-Onone";
			};
			name = Debug;
		};
		083A6F1829F6A56E0093F695 /* Release */ = {
			isa = XCBuildConfiguration;
			buildSettings = {
				ALWAYS_SEARCH_USER_PATHS = NO;
				CLANG_ANALYZER_NONNULL = YES;
				CLANG_ANALYZER_NUMBER_OBJECT_CONVERSION = YES_AGGRESSIVE;
				CLANG_CXX_LANGUAGE_STANDARD = "gnu++20";
				CLANG_ENABLE_MODULES = YES;
				CLANG_ENABLE_OBJC_ARC = YES;
				CLANG_ENABLE_OBJC_WEAK = YES;
				CLANG_WARN_BLOCK_CAPTURE_AUTORELEASING = YES;
				CLANG_WARN_BOOL_CONVERSION = YES;
				CLANG_WARN_COMMA = YES;
				CLANG_WARN_CONSTANT_CONVERSION = YES;
				CLANG_WARN_DEPRECATED_OBJC_IMPLEMENTATIONS = YES;
				CLANG_WARN_DIRECT_OBJC_ISA_USAGE = YES_ERROR;
				CLANG_WARN_DOCUMENTATION_COMMENTS = YES;
				CLANG_WARN_EMPTY_BODY = YES;
				CLANG_WARN_ENUM_CONVERSION = YES;
				CLANG_WARN_INFINITE_RECURSION = YES;
				CLANG_WARN_INT_CONVERSION = YES;
				CLANG_WARN_NON_LITERAL_NULL_CONVERSION = YES;
				CLANG_WARN_OBJC_IMPLICIT_RETAIN_SELF = YES;
				CLANG_WARN_OBJC_LITERAL_CONVERSION = YES;
				CLANG_WARN_OBJC_ROOT_CLASS = YES_ERROR;
				CLANG_WARN_QUOTED_INCLUDE_IN_FRAMEWORK_HEADER = YES;
				CLANG_WARN_RANGE_LOOP_ANALYSIS = YES;
				CLANG_WARN_STRICT_PROTOTYPES = YES;
				CLANG_WARN_SUSPICIOUS_MOVE = YES;
				CLANG_WARN_UNGUARDED_AVAILABILITY = YES_AGGRESSIVE;
				CLANG_WARN_UNREACHABLE_CODE = YES;
				CLANG_WARN__DUPLICATE_METHOD_MATCH = YES;
				COPY_PHASE_STRIP = NO;
				DEBUG_INFORMATION_FORMAT = "dwarf-with-dsym";
				ENABLE_NS_ASSERTIONS = NO;
				ENABLE_STRICT_OBJC_MSGSEND = YES;
				GCC_C_LANGUAGE_STANDARD = gnu11;
				GCC_NO_COMMON_BLOCKS = YES;
				GCC_WARN_64_TO_32_BIT_CONVERSION = YES;
				GCC_WARN_ABOUT_RETURN_TYPE = YES_ERROR;
				GCC_WARN_UNDECLARED_SELECTOR = YES;
				GCC_WARN_UNINITIALIZED_AUTOS = YES_AGGRESSIVE;
				GCC_WARN_UNUSED_FUNCTION = YES;
				GCC_WARN_UNUSED_VARIABLE = YES;
				IPHONEOS_DEPLOYMENT_TARGET = 16.4;
				MTL_ENABLE_DEBUG_INFO = NO;
				MTL_FAST_MATH = YES;
				SDKROOT = iphoneos;
				SWIFT_COMPILATION_MODE = wholemodule;
				SWIFT_OPTIMIZATION_LEVEL = "-O";
				VALIDATE_PRODUCT = YES;
			};
			name = Release;
		};
		083A6F1A29F6A56E0093F695 /* Debug */ = {
			isa = XCBuildConfiguration;
			buildSettings = {
				ASSETCATALOG_COMPILER_APPICON_NAME = AppIcon;
				ASSETCATALOG_COMPILER_GLOBAL_ACCENT_COLOR_NAME = AccentColor;
				CODE_SIGN_STYLE = Automatic;
				CURRENT_PROJECT_VERSION = 1;
				GENERATE_INFOPLIST_FILE = YES;
				INFOPLIST_FILE = Calculator/Info.plist;
				INFOPLIST_KEY_UIApplicationSupportsIndirectInputEvents = YES;
				INFOPLIST_KEY_UILaunchStoryboardName = LaunchScreen;
				INFOPLIST_KEY_UIMainStoryboardFile = Main;
				INFOPLIST_KEY_UISupportedInterfaceOrientations_iPad = "UIInterfaceOrientationPortrait UIInterfaceOrientationPortraitUpsideDown UIInterfaceOrientationLandscapeLeft UIInterfaceOrientationLandscapeRight";
				INFOPLIST_KEY_UISupportedInterfaceOrientations_iPhone = "UIInterfaceOrientationPortrait UIInterfaceOrientationLandscapeLeft UIInterfaceOrientationLandscapeRight";
				LD_RUNPATH_SEARCH_PATHS = (
					"$(inherited)",
					"@executable_path/Frameworks",
				);
				MARKETING_VERSION = 1.0;
				PRODUCT_BUNDLE_IDENTIFIER = example.Calculator;
				PRODUCT_NAME = "$(TARGET_NAME)";
				SWIFT_EMIT_LOC_STRINGS = YES;
				SWIFT_VERSION = 5.0;
				TARGETED_DEVICE_FAMILY = "1,2";
			};
			name = Debug;
		};
		083A6F1B29F6A56E0093F695 /* Release */ = {
			isa = XCBuildConfiguration;
			buildSettings = {
				ASSETCATALOG_COMPILER_APPICON_NAME = AppIcon;
				ASSETCATALOG_COMPILER_GLOBAL_ACCENT_COLOR_NAME = AccentColor;
				CODE_SIGN_STYLE = Automatic;
				CURRENT_PROJECT_VERSION = 1;
				GENERATE_INFOPLIST_FILE = YES;
				INFOPLIST_FILE = Calculator/Info.plist;
				INFOPLIST_KEY_UIApplicationSupportsIndirectInputEvents = YES;
				INFOPLIST_KEY_UILaunchStoryboardName = LaunchScreen;
				INFOPLIST_KEY_UIMainStoryboardFile = Main;
				INFOPLIST_KEY_UISupportedInterfaceOrientations_iPad = "UIInterfaceOrientationPortrait UIInterfaceOrientationPortraitUpsideDown UIInterfaceOrientationLandscapeLeft UIInterfaceOrientationLandscapeRight";
				INFOPLIST_KEY_UISupportedInterfaceOrientations_iPhone = "UIInterfaceOrientationPortrait UIInterfaceOrientationLandscapeLeft UIInterfaceOrientationLandscapeRight";
				LD_RUNPATH_SEARCH_PATHS = (
					"$(inherited)",
					"@executable_path/Frameworks",
				);
				MARKETING_VERSION = 1.0;
				PRODUCT_BUNDLE_IDENTIFIER = example.Calculator;
				PRODUCT_NAME = "$(TARGET_NAME)";
				SWIFT_EMIT_LOC_STRINGS = YES;
				SWIFT_VERSION = 5.0;
				TARGETED_DEVICE_FAMILY = "1,2";
			};
			name = Release;
		};
		083A6F1D29F6A56E0093F695 /* Debug */ = {
			isa = XCBuildConfiguration;
			buildSettings = {
				ALWAYS_EMBED_SWIFT_STANDARD_LIBRARIES = YES;
				BUNDLE_LOADER = "$(TEST_HOST)";
				CODE_SIGN_STYLE = Automatic;
				CURRENT_PROJECT_VERSION = 1;
				GENERATE_INFOPLIST_FILE = YES;
				IPHONEOS_DEPLOYMENT_TARGET = 16.4;
				MARKETING_VERSION = 1.0;
				PRODUCT_BUNDLE_IDENTIFIER = example.CalculatorTests;
				PRODUCT_NAME = "$(TARGET_NAME)";
				SWIFT_EMIT_LOC_STRINGS = NO;
				SWIFT_VERSION = 5.0;
				TARGETED_DEVICE_FAMILY = "1,2";
				TEST_HOST = "$(BUILT_PRODUCTS_DIR)/Calculator.app/$(BUNDLE_EXECUTABLE_FOLDER_PATH)/Calculator";
			};
			name = Debug;
		};
		083A6F1E29F6A56E0093F695 /* Release */ = {
			isa = XCBuildConfiguration;
			buildSettings = {
				ALWAYS_EMBED_SWIFT_STANDARD_LIBRARIES = YES;
				BUNDLE_LOADER = "$(TEST_HOST)";
				CODE_SIGN_STYLE = Automatic;
				CURRENT_PROJECT_VERSION = 1;
				GENERATE_INFOPLIST_FILE = YES;
				IPHONEOS_DEPLOYMENT_TARGET = 16.4;
				MARKETING_VERSION = 1.0;
				PRODUCT_BUNDLE_IDENTIFIER = example.CalculatorTests;
				PRODUCT_NAME = "$(TARGET_NAME)";
				SWIFT_EMIT_LOC_STRINGS = NO;
				SWIFT_VERSION = 5.0;
				TARGETED_DEVICE_FAMILY = "1,2";
				TEST_HOST = "$(BUILT_PRODUCTS_DIR)/Calculator.app/$(BUNDLE_EXECUTABLE_FOLDER_PATH)/Calculator";
			};
			name = Release;
		};
		083A6F2029F6A56E0093F695 /* Debug */ = {
			isa = XCBuildConfiguration;
			buildSettings = {
				ALWAYS_EMBED_SWIFT_STANDARD_LIBRARIES = YES;
				CODE_SIGN_STYLE = Automatic;
				CURRENT_PROJECT_VERSION = 1;
				GENERATE_INFOPLIST_FILE = YES;
				MARKETING_VERSION = 1.0;
				PRODUCT_BUNDLE_IDENTIFIER = example.CalculatorUITests;
				PRODUCT_NAME = "$(TARGET_NAME)";
				SWIFT_EMIT_LOC_STRINGS = NO;
				SWIFT_VERSION = 5.0;
				TARGETED_DEVICE_FAMILY = "1,2";
				TEST_TARGET_NAME = Calculator;
			};
			name = Debug;
		};
		083A6F2129F6A56E0093F695 /* Release */ = {
			isa = XCBuildConfiguration;
			buildSettings = {
				ALWAYS_EMBED_SWIFT_STANDARD_LIBRARIES = YES;
				CODE_SIGN_STYLE = Automatic;
				CURRENT_PROJECT_VERSION = 1;
				GENERATE_INFOPLIST_FILE = YES;
				MARKETING_VERSION = 1.0;
				PRODUCT_BUNDLE_IDENTIFIER = example.CalculatorUITests;
				PRODUCT_NAME = "$(TARGET_NAME)";
				SWIFT_EMIT_LOC_STRINGS = NO;
				SWIFT_VERSION = 5.0;
				TARGETED_DEVICE_FAMILY = "1,2";
				TEST_TARGET_NAME = Calculator;
			};
			name = Release;
		};
/* End XCBuildConfiguration section */

/* Begin XCConfigurationList section */
		083A6EEA29F6A56C0093F695 /* Build configuration list for PBXProject "Calculator" */ = {
			isa = XCConfigurationList;
			buildConfigurations = (
				083A6F1729F6A56E0093F695 /* Debug */,
				083A6F1829F6A56E0093F695 /* Release */,
			);
			defaultConfigurationIsVisible = 0;
			defaultConfigurationName = Release;
		};
		083A6F1929F6A56E0093F695 /* Build configuration list for PBXNativeTarget "Calculator" */ = {
			isa = XCConfigurationList;
			buildConfigurations = (
				083A6F1A29F6A56E0093F695 /* Debug */,
				083A6F1B29F6A56E0093F695 /* Release */,
			);
			defaultConfigurationIsVisible = 0;
			defaultConfigurationName = Release;
		};
		083A6F1C29F6A56E0093F695 /* Build configuration list for PBXNativeTarget "CalculatorTests" */ = {
			isa = XCConfigurationList;
			buildConfigurations = (
				083A6F1D29F6A56E0093F695 /* Debug */,
				083A6F1E29F6A56E0093F695 /* Release */,
			);
			defaultConfigurationIsVisible = 0;
			defaultConfigurationName = Release;
		};
		083A6F1F29F6A56E0093F695 /* Build configuration list for PBXNativeTarget "CalculatorUITests" */ = {
			isa = XCConfigurationList;
			buildConfigurations = (
				083A6F2029F6A56E0093F695 /* Debug */,
				083A6F2129F6A56E0093F695 /* Release */,
			);
			defaultConfigurationIsVisible = 0;
			defaultConfigurationName = Release;
		};
/* End XCConfigurationList section */
	};
	rootObject = 083A6EE729F6A56C0093F695 /* Project object */;
}
